
Microsoft Visual Studio Solution File, Format Version 12.00
# Visual Studio Version 17
VisualStudioVersion = 17.14.36121.58 d17.14
MinimumVisualStudioVersion = 10.0.40219.1
Project("{FAE04EC0-301F-11D3-BF4B-00C04F79EFBC}") = "PCInventory", "PCInventory\PCInventory.csproj", "{1F4E09A7-02FB-4FAF-AE67-52E394E64EDD}"
EndProject
Global
	GlobalSection(SolutionConfigurationPlatforms) = preSolution
		Debug|Any CPU = Debug|Any CPU
		Release|Any CPU = Release|Any CPU
	EndGlobalSection
	GlobalSection(ProjectConfigurationPlatforms) = postSolution
		{1F4E09A7-02FB-4FAF-AE67-52E394E64EDD}.Debug|Any CPU.ActiveCfg = Debug|Any CPU
		{1F4E09A7-02FB-4FAF-AE67-52E394E64EDD}.Debug|Any CPU.Build.0 = Debug|Any CPU
		{1F4E09A7-02FB-4FAF-AE67-52E394E64EDD}.Release|Any CPU.ActiveCfg = Release|Any CPU
		{1F4E09A7-02FB-4FAF-AE67-52E394E64EDD}.Release|Any CPU.Build.0 = Release|Any CPU
	EndGlobalSection
	GlobalSection(SolutionProperties) = preSolution
		HideSolutionNode = FALSE
	EndGlobalSection
	GlobalSection(ExtensibilityGlobals) = postSolution
		SolutionGuid = {D8B495BB-C957-481F-A8E8-D1EB274CF2E3}
	EndGlobalSection
EndGlobal
